
Microsoft Visual Studio Solution File, Format Version 12.00
# Visual Studio Version 16
VisualStudioVersion = 16.6.30114.105
MinimumVisualStudioVersion = 10.0.40219.1
Project("{9A19103F-16F7-4668-BE54-9A1E7A4F7556}") = "LibraryUsage", "LibraryUsage\LibraryUsage.csproj", "{6AE27011-4CE3-4C28-BB68-433BBEBCE8E1}"
EndProject
Project("{9A19103F-16F7-4668-BE54-9A1E7A4F7556}") = "LibraryUsageTests", "LibraryUsageTests\LibraryUsageTests.csproj", "{1E42A9FB-6702-4C86-A66B-C5E7429BFEDE}"
EndProject
Global
	GlobalSection(SolutionConfigurationPlatforms) = preSolution
		Debug|Any CPU = Debug|Any CPU
		Debug|x64 = Debug|x64
		Debug|x86 = Debug|x86
		Release|Any CPU = Release|Any CPU
		Release|x64 = Release|x64
		Release|x86 = Release|x86
	EndGlobalSection
	GlobalSection(ProjectConfigurationPlatforms) = postSolution
		{6AE27011-4CE3-4C28-BB68-433BBEBCE8E1}.Debug|Any CPU.ActiveCfg = Debug|Any CPU
		{6AE27011-4CE3-4C28-BB68-433BBEBCE8E1}.Debug|Any CPU.Build.0 = Debug|Any CPU
		{6AE27011-4CE3-4C28-BB68-433BBEBCE8E1}.Debug|x64.ActiveCfg = Debug|Any CPU
		{6AE27011-4CE3-4C28-BB68-433BBEBCE8E1}.Debug|x64.Build.0 = Debug|Any CPU
		{6AE27011-4CE3-4C28-BB68-433BBEBCE8E1}.Debug|x86.ActiveCfg = Debug|Any CPU
		{6AE27011-4CE3-4C28-BB68-433BBEBCE8E1}.Debug|x86.Build.0 = Debug|Any CPU
		{6AE27011-4CE3-4C28-BB68-433BBEBCE8E1}.Release|Any CPU.ActiveCfg = Release|Any CPU
		{6AE27011-4CE3-4C28-BB68-433BBEBCE8E1}.Release|Any CPU.Build.0 = Release|Any CPU
		{6AE27011-4CE3-4C28-BB68-433BBEBCE8E1}.Release|x64.ActiveCfg = Release|Any CPU
		{6AE27011-4CE3-4C28-BB68-433BBEBCE8E1}.Release|x64.Build.0 = Release|Any CPU
		{6AE27011-4CE3-4C28-BB68-433BBEBCE8E1}.Release|x86.ActiveCfg = Release|Any CPU
		{6AE27011-4CE3-4C28-BB68-433BBEBCE8E1}.Release|x86.Build.0 = Release|Any CPU
		{1E42A9FB-6702-4C86-A66B-C5E7429BFEDE}.Debug|Any CPU.ActiveCfg = Debug|Any CPU
		{1E42A9FB-6702-4C86-A66B-C5E7429BFEDE}.Debug|Any CPU.Build.0 = Debug|Any CPU
		{1E42A9FB-6702-4C86-A66B-C5E7429BFEDE}.Debug|x64.ActiveCfg = Debug|Any CPU
		{1E42A9FB-6702-4C86-A66B-C5E7429BFEDE}.Debug|x64.Build.0 = Debug|Any CPU
		{1E42A9FB-6702-4C86-A66B-C5E7429BFEDE}.Debug|x86.ActiveCfg = Debug|Any CPU
		{1E42A9FB-6702-4C86-A66B-C5E7429BFEDE}.Debug|x86.Build.0 = Debug|Any CPU
		{1E42A9FB-6702-4C86-A66B-C5E7429BFEDE}.Release|Any CPU.ActiveCfg = Release|Any CPU
		{1E42A9FB-6702-4C86-A66B-C5E7429BFEDE}.Release|Any CPU.Build.0 = Release|Any CPU
		{1E42A9FB-6702-4C86-A66B-C5E7429BFEDE}.Release|x64.ActiveCfg = Release|Any CPU
		{1E42A9FB-6702-4C86-A66B-C5E7429BFEDE}.Release|x64.Build.0 = Release|Any CPU
		{1E42A9FB-6702-4C86-A66B-C5E7429BFEDE}.Release|x86.ActiveCfg = Release|Any CPU
		{1E42A9FB-6702-4C86-A66B-C5E7429BFEDE}.Release|x86.Build.0 = Release|Any CPU
	EndGlobalSection
	GlobalSection(SolutionProperties) = preSolution
		HideSolutionNode = FALSE
	EndGlobalSection
	GlobalSection(ExtensibilityGlobals) = postSolution
		SolutionGuid = {36CC5BF7-A338-469A-87FB-1251C808674F}
	EndGlobalSection
EndGlobal
